// !$*UTF8*$!
{
	archiveVersion = 1;
	classes = {
	};
	objectVersion = 56;
	objects = {

/* Begin PBXBuildFile section */
		AB3F0D2229EA091400181856 /* final_assignmentApp.swift in Sources */ = {isa = PBXBuildFile; fileRef = AB3F0D2129EA091400181856 /* final_assignmentApp.swift */; };
		AB3F0D2429EA091400181856 /* ContentView.swift in Sources */ = {isa = PBXBuildFile; fileRef = AB3F0D2329EA091400181856 /* ContentView.swift */; };
		AB3F0D2629EA091500181856 /* Assets.xcassets in Resources */ = {isa = PBXBuildFile; fileRef = AB3F0D2529EA091500181856 /* Assets.xcassets */; };
		AB3F0D2A29EA091500181856 /* Preview Assets.xcassets in Resources */ = {isa = PBXBuildFile; fileRef = AB3F0D2929EA091500181856 /* Preview Assets.xcassets */; };
		AB3F0D3429EA091500181856 /* final_assignmentTests.swift in Sources */ = {isa = PBXBuildFile; fileRef = AB3F0D3329EA091500181856 /* final_assignmentTests.swift */; };
		AB3F0D3E29EA091500181856 /* final_assignmentUITests.swift in Sources */ = {isa = PBXBuildFile; fileRef = AB3F0D3D29EA091500181856 /* final_assignmentUITests.swift */; };
		AB3F0D4029EA091500181856 /* final_assignmentUITestsLaunchTests.swift in Sources */ = {isa = PBXBuildFile; fileRef = AB3F0D3F29EA091500181856 /* final_assignmentUITestsLaunchTests.swift */; };
		AB3F0D4D29FB13A300181856 /* Hamiltonian.swift in Sources */ = {isa = PBXBuildFile; fileRef = AB3F0D4C29FB13A300181856 /* Hamiltonian.swift */; };
		AB3F0D4E29FB13A300181856 /* Hamiltonian.swift in Sources */ = {isa = PBXBuildFile; fileRef = AB3F0D4C29FB13A300181856 /* Hamiltonian.swift */; };
		AB3F0D4F29FB13A300181856 /* Hamiltonian.swift in Sources */ = {isa = PBXBuildFile; fileRef = AB3F0D4C29FB13A300181856 /* Hamiltonian.swift */; };
		AB3F0D5129FB1FFF00181856 /* Matrix.swift in Sources */ = {isa = PBXBuildFile; fileRef = AB3F0D5029FB1FFF00181856 /* Matrix.swift */; };
		AB3F0D5229FB1FFF00181856 /* Matrix.swift in Sources */ = {isa = PBXBuildFile; fileRef = AB3F0D5029FB1FFF00181856 /* Matrix.swift */; };
		AB3F0D5329FB1FFF00181856 /* Matrix.swift in Sources */ = {isa = PBXBuildFile; fileRef = AB3F0D5029FB1FFF00181856 /* Matrix.swift */; };
/* End PBXBuildFile section */

/* Begin PBXContainerItemProxy section */
		AB3F0D3029EA091500181856 /* PBXContainerItemProxy */ = {
			isa = PBXContainerItemProxy;
			containerPortal = AB3F0D1629EA091400181856 /* Project object */;
			proxyType = 1;
			remoteGlobalIDString = AB3F0D1D29EA091400181856;
			remoteInfo = final_assignment;
		};
		AB3F0D3A29EA091500181856 /* PBXContainerItemProxy */ = {
			isa = PBXContainerItemProxy;
			containerPortal = AB3F0D1629EA091400181856 /* Project object */;
			proxyType = 1;
			remoteGlobalIDString = AB3F0D1D29EA091400181856;
			remoteInfo = final_assignment;
		};
/* End PBXContainerItemProxy section */

/* Begin PBXFileReference section */
		AB3F0D1E29EA091400181856 /* final_assignment.app */ = {isa = PBXFileReference; explicitFileType = wrapper.application; includeInIndex = 0; path = final_assignment.app; sourceTree = BUILT_PRODUCTS_DIR; };
		AB3F0D2129EA091400181856 /* final_assignmentApp.swift */ = {isa = PBXFileReference; lastKnownFileType = sourcecode.swift; path = final_assignmentApp.swift; sourceTree = "<group>"; };
		AB3F0D2329EA091400181856 /* ContentView.swift */ = {isa = PBXFileReference; lastKnownFileType = sourcecode.swift; path = ContentView.swift; sourceTree = "<group>"; };
		AB3F0D2529EA091500181856 /* Assets.xcassets */ = {isa = PBXFileReference; lastKnownFileType = folder.assetcatalog; path = Assets.xcassets; sourceTree = "<group>"; };
		AB3F0D2729EA091500181856 /* final_assignment.entitlements */ = {isa = PBXFileReference; lastKnownFileType = text.plist.entitlements; path = final_assignment.entitlements; sourceTree = "<group>"; };
		AB3F0D2929EA091500181856 /* Preview Assets.xcassets */ = {isa = PBXFileReference; lastKnownFileType = folder.assetcatalog; path = "Preview Assets.xcassets"; sourceTree = "<group>"; };
		AB3F0D2F29EA091500181856 /* final_assignmentTests.xctest */ = {isa = PBXFileReference; explicitFileType = wrapper.cfbundle; includeInIndex = 0; path = final_assignmentTests.xctest; sourceTree = BUILT_PRODUCTS_DIR; };
		AB3F0D3329EA091500181856 /* final_assignmentTests.swift */ = {isa = PBXFileReference; lastKnownFileType = sourcecode.swift; path = final_assignmentTests.swift; sourceTree = "<group>"; };
		AB3F0D3929EA091500181856 /* final_assignmentUITests.xctest */ = {isa = PBXFileReference; explicitFileType = wrapper.cfbundle; includeInIndex = 0; path = final_assignmentUITests.xctest; sourceTree = BUILT_PRODUCTS_DIR; };
		AB3F0D3D29EA091500181856 /* final_assignmentUITests.swift */ = {isa = PBXFileReference; lastKnownFileType = sourcecode.swift; path = final_assignmentUITests.swift; sourceTree = "<group>"; };
		AB3F0D3F29EA091500181856 /* final_assignmentUITestsLaunchTests.swift */ = {isa = PBXFileReference; lastKnownFileType = sourcecode.swift; path = final_assignmentUITestsLaunchTests.swift; sourceTree = "<group>"; };
		AB3F0D4C29FB13A300181856 /* Hamiltonian.swift */ = {isa = PBXFileReference; lastKnownFileType = sourcecode.swift; path = Hamiltonian.swift; sourceTree = "<group>"; };
		AB3F0D5029FB1FFF00181856 /* Matrix.swift */ = {isa = PBXFileReference; lastKnownFileType = sourcecode.swift; path = Matrix.swift; sourceTree = "<group>"; };
/* End PBXFileReference section */

/* Begin PBXFrameworksBuildPhase section */
		AB3F0D1B29EA091400181856 /* Frameworks */ = {
			isa = PBXFrameworksBuildPhase;
			buildActionMask = 2147483647;
			files = (
			);
			runOnlyForDeploymentPostprocessing = 0;
		};
		AB3F0D2C29EA091500181856 /* Frameworks */ = {
			isa = PBXFrameworksBuildPhase;
			buildActionMask = 2147483647;
			files = (
			);
			runOnlyForDeploymentPostprocessing = 0;
		};
		AB3F0D3629EA091500181856 /* Frameworks */ = {
			isa = PBXFrameworksBuildPhase;
			buildActionMask = 2147483647;
			files = (
			);
			runOnlyForDeploymentPostprocessing = 0;
		};
/* End PBXFrameworksBuildPhase section */

/* Begin PBXGroup section */
		AB3F0D1529EA091400181856 = {
			isa = PBXGroup;
			children = (
				AB3F0D2029EA091400181856 /* final_assignment */,
				AB3F0D3229EA091500181856 /* final_assignmentTests */,
				AB3F0D3C29EA091500181856 /* final_assignmentUITests */,
				AB3F0D1F29EA091400181856 /* Products */,
			);
			sourceTree = "<group>";
		};
		AB3F0D1F29EA091400181856 /* Products */ = {
			isa = PBXGroup;
			children = (
				AB3F0D1E29EA091400181856 /* final_assignment.app */,
				AB3F0D2F29EA091500181856 /* final_assignmentTests.xctest */,
				AB3F0D3929EA091500181856 /* final_assignmentUITests.xctest */,
			);
			name = Products;
			sourceTree = "<group>";
		};
		AB3F0D2029EA091400181856 /* final_assignment */ = {
			isa = PBXGroup;
			children = (
				AB3F0D2129EA091400181856 /* final_assignmentApp.swift */,
				AB3F0D2329EA091400181856 /* ContentView.swift */,
				AB3F0D4C29FB13A300181856 /* Hamiltonian.swift */,
				AB3F0D5029FB1FFF00181856 /* Matrix.swift */,
				AB3F0D2529EA091500181856 /* Assets.xcassets */,
				AB3F0D2729EA091500181856 /* final_assignment.entitlements */,
				AB3F0D2829EA091500181856 /* Preview Content */,
			);
			path = final_assignment;
			sourceTree = "<group>";
		};
		AB3F0D2829EA091500181856 /* Preview Content */ = {
			isa = PBXGroup;
			children = (
				AB3F0D2929EA091500181856 /* Preview Assets.xcassets */,
			);
			path = "Preview Content";
			sourceTree = "<group>";
		};
		AB3F0D3229EA091500181856 /* final_assignmentTests */ = {
			isa = PBXGroup;
			children = (
				AB3F0D3329EA091500181856 /* final_assignmentTests.swift */,
			);
			path = final_assignmentTests;
			sourceTree = "<group>";
		};
		AB3F0D3C29EA091500181856 /* final_assignmentUITests */ = {
			isa = PBXGroup;
			children = (
				AB3F0D3D29EA091500181856 /* final_assignmentUITests.swift */,
				AB3F0D3F29EA091500181856 /* final_assignmentUITestsLaunchTests.swift */,
			);
			path = final_assignmentUITests;
			sourceTree = "<group>";
		};
/* End PBXGroup section */

/* Begin PBXNativeTarget section */
		AB3F0D1D29EA091400181856 /* final_assignment */ = {
			isa = PBXNativeTarget;
			buildConfigurationList = AB3F0D4329EA091500181856 /* Build configuration list for PBXNativeTarget "final_assignment" */;
			buildPhases = (
				AB3F0D1A29EA091400181856 /* Sources */,
				AB3F0D1B29EA091400181856 /* Frameworks */,
				AB3F0D1C29EA091400181856 /* Resources */,
			);
			buildRules = (
			);
			dependencies = (
			);
			name = final_assignment;
			productName = final_assignment;
			productReference = AB3F0D1E29EA091400181856 /* final_assignment.app */;
			productType = "com.apple.product-type.application";
		};
		AB3F0D2E29EA091500181856 /* final_assignmentTests */ = {
			isa = PBXNativeTarget;
			buildConfigurationList = AB3F0D4629EA091500181856 /* Build configuration list for PBXNativeTarget "final_assignmentTests" */;
			buildPhases = (
				AB3F0D2B29EA091500181856 /* Sources */,
				AB3F0D2C29EA091500181856 /* Frameworks */,
				AB3F0D2D29EA091500181856 /* Resources */,
			);
			buildRules = (
			);
			dependencies = (
				AB3F0D3129EA091500181856 /* PBXTargetDependency */,
			);
			name = final_assignmentTests;
			productName = final_assignmentTests;
			productReference = AB3F0D2F29EA091500181856 /* final_assignmentTests.xctest */;
			productType = "com.apple.product-type.bundle.unit-test";
		};
		AB3F0D3829EA091500181856 /* final_assignmentUITests */ = {
			isa = PBXNativeTarget;
			buildConfigurationList = AB3F0D4929EA091500181856 /* Build configuration list for PBXNativeTarget "final_assignmentUITests" */;
			buildPhases = (
				AB3F0D3529EA091500181856 /* Sources */,
				AB3F0D3629EA091500181856 /* Frameworks */,
				AB3F0D3729EA091500181856 /* Resources */,
			);
			buildRules = (
			);
			dependencies = (
				AB3F0D3B29EA091500181856 /* PBXTargetDependency */,
			);
			name = final_assignmentUITests;
			productName = final_assignmentUITests;
			productReference = AB3F0D3929EA091500181856 /* final_assignmentUITests.xctest */;
			productType = "com.apple.product-type.bundle.ui-testing";
		};
/* End PBXNativeTarget section */

/* Begin PBXProject section */
		AB3F0D1629EA091400181856 /* Project object */ = {
			isa = PBXProject;
			attributes = {
				BuildIndependentTargetsInParallel = 1;
				LastSwiftUpdateCheck = 1420;
				LastUpgradeCheck = 1420;
				TargetAttributes = {
					AB3F0D1D29EA091400181856 = {
						CreatedOnToolsVersion = 14.2;
					};
					AB3F0D2E29EA091500181856 = {
						CreatedOnToolsVersion = 14.2;
						TestTargetID = AB3F0D1D29EA091400181856;
					};
					AB3F0D3829EA091500181856 = {
						CreatedOnToolsVersion = 14.2;
						TestTargetID = AB3F0D1D29EA091400181856;
					};
				};
			};
			buildConfigurationList = AB3F0D1929EA091400181856 /* Build configuration list for PBXProject "final_assignment" */;
			compatibilityVersion = "Xcode 14.0";
			developmentRegion = en;
			hasScannedForEncodings = 0;
			knownRegions = (
				en,
				Base,
			);
			mainGroup = AB3F0D1529EA091400181856;
			productRefGroup = AB3F0D1F29EA091400181856 /* Products */;
			projectDirPath = "";
			projectRoot = "";
			targets = (
				AB3F0D1D29EA091400181856 /* final_assignment */,
				AB3F0D2E29EA091500181856 /* final_assignmentTests */,
				AB3F0D3829EA091500181856 /* final_assignmentUITests */,
			);
		};
/* End PBXProject section */

/* Begin PBXResourcesBuildPhase section */
		AB3F0D1C29EA091400181856 /* Resources */ = {
			isa = PBXResourcesBuildPhase;
			buildActionMask = 2147483647;
			files = (
				AB3F0D2A29EA091500181856 /* Preview Assets.xcassets in Resources */,
				AB3F0D2629EA091500181856 /* Assets.xcassets in Resources */,
			);
			runOnlyForDeploymentPostprocessing = 0;
		};
		AB3F0D2D29EA091500181856 /* Resources */ = {
			isa = PBXResourcesBuildPhase;
			buildActionMask = 2147483647;
			files = (
			);
			runOnlyForDeploymentPostprocessing = 0;
		};
		AB3F0D3729EA091500181856 /* Resources */ = {
			isa = PBXResourcesBuildPhase;
			buildActionMask = 2147483647;
			files = (
			);
			runOnlyForDeploymentPostprocessing = 0;
		};
/* End PBXResourcesBuildPhase section */

/* Begin PBXSourcesBuildPhase section */
		AB3F0D1A29EA091400181856 /* Sources */ = {
			isa = PBXSourcesBuildPhase;
			buildActionMask = 2147483647;
			files = (
				AB3F0D5129FB1FFF00181856 /* Matrix.swift in Sources */,
				AB3F0D2429EA091400181856 /* ContentView.swift in Sources */,
				AB3F0D2229EA091400181856 /* final_assignmentApp.swift in Sources */,
				AB3F0D4D29FB13A300181856 /* Hamiltonian.swift in Sources */,
			);
			runOnlyForDeploymentPostprocessing = 0;
		};
		AB3F0D2B29EA091500181856 /* Sources */ = {
			isa = PBXSourcesBuildPhase;
			buildActionMask = 2147483647;
			files = (
				AB3F0D4E29FB13A300181856 /* Hamiltonian.swift in Sources */,
				AB3F0D3429EA091500181856 /* final_assignmentTests.swift in Sources */,
				AB3F0D5229FB1FFF00181856 /* Matrix.swift in Sources */,
			);
			runOnlyForDeploymentPostprocessing = 0;
		};
		AB3F0D3529EA091500181856 /* Sources */ = {
			isa = PBXSourcesBuildPhase;
			buildActionMask = 2147483647;
			files = (
				AB3F0D5329FB1FFF00181856 /* Matrix.swift in Sources */,
				AB3F0D4029EA091500181856 /* final_assignmentUITestsLaunchTests.swift in Sources */,
				AB3F0D3E29EA091500181856 /* final_assignmentUITests.swift in Sources */,
				AB3F0D4F29FB13A300181856 /* Hamiltonian.swift in Sources */,
			);
			runOnlyForDeploymentPostprocessing = 0;
		};
/* End PBXSourcesBuildPhase section */

/* Begin PBXTargetDependency section */
		AB3F0D3129EA091500181856 /* PBXTargetDependency */ = {
			isa = PBXTargetDependency;
			target = AB3F0D1D29EA091400181856 /* final_assignment */;
			targetProxy = AB3F0D3029EA091500181856 /* PBXContainerItemProxy */;
		};
		AB3F0D3B29EA091500181856 /* PBXTargetDependency */ = {
			isa = PBXTargetDependency;
			target = AB3F0D1D29EA091400181856 /* final_assignment */;
			targetProxy = AB3F0D3A29EA091500181856 /* PBXContainerItemProxy */;
		};
/* End PBXTargetDependency section */

/* Begin XCBuildConfiguration section */
		AB3F0D4129EA091500181856 /* Debug */ = {
			isa = XCBuildConfiguration;
			buildSettings = {
				ALWAYS_SEARCH_USER_PATHS = NO;
				CLANG_ANALYZER_NONNULL = YES;
				CLANG_ANALYZER_NUMBER_OBJECT_CONVERSION = YES_AGGRESSIVE;
				CLANG_CXX_LANGUAGE_STANDARD = "gnu++20";
				CLANG_ENABLE_MODULES = YES;
				CLANG_ENABLE_OBJC_ARC = YES;
				CLANG_ENABLE_OBJC_WEAK = YES;
				CLANG_WARN_BLOCK_CAPTURE_AUTORELEASING = YES;
				CLANG_WARN_BOOL_CONVERSION = YES;
				CLANG_WARN_COMMA = YES;
				CLANG_WARN_CONSTANT_CONVERSION = YES;
				CLANG_WARN_DEPRECATED_OBJC_IMPLEMENTATIONS = YES;
				CLANG_WARN_DIRECT_OBJC_ISA_USAGE = YES_ERROR;
				CLANG_WARN_DOCUMENTATION_COMMENTS = YES;
				CLANG_WARN_EMPTY_BODY = YES;
				CLANG_WARN_ENUM_CONVERSION = YES;
				CLANG_WARN_INFINITE_RECURSION = YES;
				CLANG_WARN_INT_CONVERSION = YES;
				CLANG_WARN_NON_LITERAL_NULL_CONVERSION = YES;
				CLANG_WARN_OBJC_IMPLICIT_RETAIN_SELF = YES;
				CLANG_WARN_OBJC_LITERAL_CONVERSION = YES;
				CLANG_WARN_OBJC_ROOT_CLASS = YES_ERROR;
				CLANG_WARN_QUOTED_INCLUDE_IN_FRAMEWORK_HEADER = YES;
				CLANG_WARN_RANGE_LOOP_ANALYSIS = YES;
				CLANG_WARN_STRICT_PROTOTYPES = YES;
				CLANG_WARN_SUSPICIOUS_MOVE = YES;
				CLANG_WARN_UNGUARDED_AVAILABILITY = YES_AGGRESSIVE;
				CLANG_WARN_UNREACHABLE_CODE = YES;
				CLANG_WARN__DUPLICATE_METHOD_MATCH = YES;
				COPY_PHASE_STRIP = NO;
				DEBUG_INFORMATION_FORMAT = dwarf;
				ENABLE_STRICT_OBJC_MSGSEND = YES;
				ENABLE_TESTABILITY = YES;
				GCC_C_LANGUAGE_STANDARD = gnu11;
				GCC_DYNAMIC_NO_PIC = NO;
				GCC_NO_COMMON_BLOCKS = YES;
				GCC_OPTIMIZATION_LEVEL = 0;
				GCC_PREPROCESSOR_DEFINITIONS = (
					"DEBUG=1",
					"$(inherited)",
				);
				GCC_WARN_64_TO_32_BIT_CONVERSION = YES;
				GCC_WARN_ABOUT_RETURN_TYPE = YES_ERROR;
				GCC_WARN_UNDECLARED_SELECTOR = YES;
				GCC_WARN_UNINITIALIZED_AUTOS = YES_AGGRESSIVE;
				GCC_WARN_UNUSED_FUNCTION = YES;
				GCC_WARN_UNUSED_VARIABLE = YES;
				MTL_ENABLE_DEBUG_INFO = INCLUDE_SOURCE;
				MTL_FAST_MATH = YES;
				ONLY_ACTIVE_ARCH = YES;
				SWIFT_ACTIVE_COMPILATION_CONDITIONS = DEBUG;
				SWIFT_OPTIMIZATION_LEVEL = "-Onone";
			};
			name = Debug;
		};
		AB3F0D4229EA091500181856 /* Release */ = {
			isa = XCBuildConfiguration;
			buildSettings = {
				ALWAYS_SEARCH_USER_PATHS = NO;
				CLANG_ANALYZER_NONNULL = YES;
				CLANG_ANALYZER_NUMBER_OBJECT_CONVERSION = YES_AGGRESSIVE;
				CLANG_CXX_LANGUAGE_STANDARD = "gnu++20";
				CLANG_ENABLE_MODULES = YES;
				CLANG_ENABLE_OBJC_ARC = YES;
				CLANG_ENABLE_OBJC_WEAK = YES;
				CLANG_WARN_BLOCK_CAPTURE_AUTORELEASING = YES;
				CLANG_WARN_BOOL_CONVERSION = YES;
				CLANG_WARN_COMMA = YES;
				CLANG_WARN_CONSTANT_CONVERSION = YES;
				CLANG_WARN_DEPRECATED_OBJC_IMPLEMENTATIONS = YES;
				CLANG_WARN_DIRECT_OBJC_ISA_USAGE = YES_ERROR;
				CLANG_WARN_DOCUMENTATION_COMMENTS = YES;
				CLANG_WARN_EMPTY_BODY = YES;
				CLANG_WARN_ENUM_CONVERSION = YES;
				CLANG_WARN_INFINITE_RECURSION = YES;
				CLANG_WARN_INT_CONVERSION = YES;
				CLANG_WARN_NON_LITERAL_NULL_CONVERSION = YES;
				CLANG_WARN_OBJC_IMPLICIT_RETAIN_SELF = YES;
				CLANG_WARN_OBJC_LITERAL_CONVERSION = YES;
				CLANG_WARN_OBJC_ROOT_CLASS = YES_ERROR;
				CLANG_WARN_QUOTED_INCLUDE_IN_FRAMEWORK_HEADER = YES;
				CLANG_WARN_RANGE_LOOP_ANALYSIS = YES;
				CLANG_WARN_STRICT_PROTOTYPES = YES;
				CLANG_WARN_SUSPICIOUS_MOVE = YES;
				CLANG_WARN_UNGUARDED_AVAILABILITY = YES_AGGRESSIVE;
				CLANG_WARN_UNREACHABLE_CODE = YES;
				CLANG_WARN__DUPLICATE_METHOD_MATCH = YES;
				COPY_PHASE_STRIP = NO;
				DEBUG_INFORMATION_FORMAT = "dwarf-with-dsym";
				ENABLE_NS_ASSERTIONS = NO;
				ENABLE_STRICT_OBJC_MSGSEND = YES;
				GCC_C_LANGUAGE_STANDARD = gnu11;
				GCC_NO_COMMON_BLOCKS = YES;
				GCC_WARN_64_TO_32_BIT_CONVERSION = YES;
				GCC_WARN_ABOUT_RETURN_TYPE = YES_ERROR;
				GCC_WARN_UNDECLARED_SELECTOR = YES;
				GCC_WARN_UNINITIALIZED_AUTOS = YES_AGGRESSIVE;
				GCC_WARN_UNUSED_FUNCTION = YES;
				GCC_WARN_UNUSED_VARIABLE = YES;
				MTL_ENABLE_DEBUG_INFO = NO;
				MTL_FAST_MATH = YES;
				SWIFT_COMPILATION_MODE = wholemodule;
				SWIFT_OPTIMIZATION_LEVEL = "-O";
			};
			name = Release;
		};
		AB3F0D4429EA091500181856 /* Debug */ = {
			isa = XCBuildConfiguration;
			buildSettings = {
				ASSETCATALOG_COMPILER_APPICON_NAME = AppIcon;
				ASSETCATALOG_COMPILER_GLOBAL_ACCENT_COLOR_NAME = AccentColor;
				CODE_SIGN_ENTITLEMENTS = final_assignment/final_assignment.entitlements;
				CODE_SIGN_STYLE = Automatic;
				CURRENT_PROJECT_VERSION = 1;
				DEVELOPMENT_ASSET_PATHS = "\"final_assignment/Preview Content\"";
				ENABLE_PREVIEWS = YES;
				GENERATE_INFOPLIST_FILE = YES;
				"INFOPLIST_KEY_UIApplicationSceneManifest_Generation[sdk=iphoneos*]" = YES;
				"INFOPLIST_KEY_UIApplicationSceneManifest_Generation[sdk=iphonesimulator*]" = YES;
				"INFOPLIST_KEY_UIApplicationSupportsIndirectInputEvents[sdk=iphoneos*]" = YES;
				"INFOPLIST_KEY_UIApplicationSupportsIndirectInputEvents[sdk=iphonesimulator*]" = YES;
				"INFOPLIST_KEY_UILaunchScreen_Generation[sdk=iphoneos*]" = YES;
				"INFOPLIST_KEY_UILaunchScreen_Generation[sdk=iphonesimulator*]" = YES;
				"INFOPLIST_KEY_UIStatusBarStyle[sdk=iphoneos*]" = UIStatusBarStyleDefault;
				"INFOPLIST_KEY_UIStatusBarStyle[sdk=iphonesimulator*]" = UIStatusBarStyleDefault;
				INFOPLIST_KEY_UISupportedInterfaceOrientations_iPad = "UIInterfaceOrientationPortrait UIInterfaceOrientationPortraitUpsideDown UIInterfaceOrientationLandscapeLeft UIInterfaceOrientationLandscapeRight";
				INFOPLIST_KEY_UISupportedInterfaceOrientations_iPhone = "UIInterfaceOrientationPortrait UIInterfaceOrientationLandscapeLeft UIInterfaceOrientationLandscapeRight";
				IPHONEOS_DEPLOYMENT_TARGET = 16.2;
				LD_RUNPATH_SEARCH_PATHS = "@executable_path/Frameworks";
				"LD_RUNPATH_SEARCH_PATHS[sdk=macosx*]" = "@executable_path/../Frameworks";
				MACOSX_DEPLOYMENT_TARGET = 13.1;
				MARKETING_VERSION = 1.0;
				PRODUCT_BUNDLE_IDENTIFIER = "com.ag.final-assignment";
				PRODUCT_NAME = "$(TARGET_NAME)";
				SDKROOT = auto;
				SUPPORTED_PLATFORMS = "iphoneos iphonesimulator macosx";
				SWIFT_EMIT_LOC_STRINGS = YES;
				SWIFT_VERSION = 5.0;
				TARGETED_DEVICE_FAMILY = "1,2";
			};
			name = Debug;
		};
		AB3F0D4529EA091500181856 /* Release */ = {
			isa = XCBuildConfiguration;
			buildSettings = {
				ASSETCATALOG_COMPILER_APPICON_NAME = AppIcon;
				ASSETCATALOG_COMPILER_GLOBAL_ACCENT_COLOR_NAME = AccentColor;
				CODE_SIGN_ENTITLEMENTS = final_assignment/final_assignment.entitlements;
				CODE_SIGN_STYLE = Automatic;
				CURRENT_PROJECT_VERSION = 1;
				DEVELOPMENT_ASSET_PATHS = "\"final_assignment/Preview Content\"";
				ENABLE_PREVIEWS = YES;
				GENERATE_INFOPLIST_FILE = YES;
				"INFOPLIST_KEY_UIApplicationSceneManifest_Generation[sdk=iphoneos*]" = YES;
				"INFOPLIST_KEY_UIApplicationSceneManifest_Generation[sdk=iphonesimulator*]" = YES;
				"INFOPLIST_KEY_UIApplicationSupportsIndirectInputEvents[sdk=iphoneos*]" = YES;
				"INFOPLIST_KEY_UIApplicationSupportsIndirectInputEvents[sdk=iphonesimulator*]" = YES;
				"INFOPLIST_KEY_UILaunchScreen_Generation[sdk=iphoneos*]" = YES;
				"INFOPLIST_KEY_UILaunchScreen_Generation[sdk=iphonesimulator*]" = YES;
				"INFOPLIST_KEY_UIStatusBarStyle[sdk=iphoneos*]" = UIStatusBarStyleDefault;
				"INFOPLIST_KEY_UIStatusBarStyle[sdk=iphonesimulator*]" = UIStatusBarStyleDefault;
				INFOPLIST_KEY_UISupportedInterfaceOrientations_iPad = "UIInterfaceOrientationPortrait UIInterfaceOrientationPortraitUpsideDown UIInterfaceOrientationLandscapeLeft UIInterfaceOrientationLandscapeRight";
				INFOPLIST_KEY_UISupportedInterfaceOrientations_iPhone = "UIInterfaceOrientationPortrait UIInterfaceOrientationLandscapeLeft UIInterfaceOrientationLandscapeRight";
				IPHONEOS_DEPLOYMENT_TARGET = 16.2;
				LD_RUNPATH_SEARCH_PATHS = "@executable_path/Frameworks";
				"LD_RUNPATH_SEARCH_PATHS[sdk=macosx*]" = "@executable_path/../Frameworks";
				MACOSX_DEPLOYMENT_TARGET = 13.1;
				MARKETING_VERSION = 1.0;
				PRODUCT_BUNDLE_IDENTIFIER = "com.ag.final-assignment";
				PRODUCT_NAME = "$(TARGET_NAME)";
				SDKROOT = auto;
				SUPPORTED_PLATFORMS = "iphoneos iphonesimulator macosx";
				SWIFT_EMIT_LOC_STRINGS = YES;
				SWIFT_VERSION = 5.0;
				TARGETED_DEVICE_FAMILY = "1,2";
			};
			name = Release;
		};
		AB3F0D4729EA091500181856 /* Debug */ = {
			isa = XCBuildConfiguration;
			buildSettings = {
				ALWAYS_EMBED_SWIFT_STANDARD_LIBRARIES = YES;
				BUNDLE_LOADER = "$(TEST_HOST)";
				CODE_SIGN_STYLE = Automatic;
				CURRENT_PROJECT_VERSION = 1;
				GENERATE_INFOPLIST_FILE = YES;
				IPHONEOS_DEPLOYMENT_TARGET = 16.2;
				MACOSX_DEPLOYMENT_TARGET = 13.1;
				MARKETING_VERSION = 1.0;
				PRODUCT_BUNDLE_IDENTIFIER = "com.ag.final-assignmentTests";
				PRODUCT_NAME = "$(TARGET_NAME)";
				SDKROOT = auto;
				SUPPORTED_PLATFORMS = "iphoneos iphonesimulator macosx";
				SWIFT_EMIT_LOC_STRINGS = NO;
				SWIFT_VERSION = 5.0;
				TARGETED_DEVICE_FAMILY = "1,2";
				TEST_HOST = "$(BUILT_PRODUCTS_DIR)/final_assignment.app/$(BUNDLE_EXECUTABLE_FOLDER_PATH)/final_assignment";
			};
			name = Debug;
		};
		AB3F0D4829EA091500181856 /* Release */ = {
			isa = XCBuildConfiguration;
			buildSettings = {
				ALWAYS_EMBED_SWIFT_STANDARD_LIBRARIES = YES;
				BUNDLE_LOADER = "$(TEST_HOST)";
				CODE_SIGN_STYLE = Automatic;
				CURRENT_PROJECT_VERSION = 1;
				GENERATE_INFOPLIST_FILE = YES;
				IPHONEOS_DEPLOYMENT_TARGET = 16.2;
				MACOSX_DEPLOYMENT_TARGET = 13.1;
				MARKETING_VERSION = 1.0;
				PRODUCT_BUNDLE_IDENTIFIER = "com.ag.final-assignmentTests";
				PRODUCT_NAME = "$(TARGET_NAME)";
				SDKROOT = auto;
				SUPPORTED_PLATFORMS = "iphoneos iphonesimulator macosx";
				SWIFT_EMIT_LOC_STRINGS = NO;
				SWIFT_VERSION = 5.0;
				TARGETED_DEVICE_FAMILY = "1,2";
				TEST_HOST = "$(BUILT_PRODUCTS_DIR)/final_assignment.app/$(BUNDLE_EXECUTABLE_FOLDER_PATH)/final_assignment";
			};
			name = Release;
		};
		AB3F0D4A29EA091500181856 /* Debug */ = {
			isa = XCBuildConfiguration;
			buildSettings = {
				ALWAYS_EMBED_SWIFT_STANDARD_LIBRARIES = YES;
				CODE_SIGN_STYLE = Automatic;
				CURRENT_PROJECT_VERSION = 1;
				GENERATE_INFOPLIST_FILE = YES;
				IPHONEOS_DEPLOYMENT_TARGET = 16.2;
				MACOSX_DEPLOYMENT_TARGET = 13.1;
				MARKETING_VERSION = 1.0;
				PRODUCT_BUNDLE_IDENTIFIER = "com.ag.final-assignmentUITests";
				PRODUCT_NAME = "$(TARGET_NAME)";
				SDKROOT = auto;
				SUPPORTED_PLATFORMS = "iphoneos iphonesimulator macosx";
				SWIFT_EMIT_LOC_STRINGS = NO;
				SWIFT_VERSION = 5.0;
				TARGETED_DEVICE_FAMILY = "1,2";
				TEST_TARGET_NAME = final_assignment;
			};
			name = Debug;
		};
		AB3F0D4B29EA091500181856 /* Release */ = {
			isa = XCBuildConfiguration;
			buildSettings = {
				ALWAYS_EMBED_SWIFT_STANDARD_LIBRARIES = YES;
				CODE_SIGN_STYLE = Automatic;
				CURRENT_PROJECT_VERSION = 1;
				GENERATE_INFOPLIST_FILE = YES;
				IPHONEOS_DEPLOYMENT_TARGET = 16.2;
				MACOSX_DEPLOYMENT_TARGET = 13.1;
				MARKETING_VERSION = 1.0;
				PRODUCT_BUNDLE_IDENTIFIER = "com.ag.final-assignmentUITests";
				PRODUCT_NAME = "$(TARGET_NAME)";
				SDKROOT = auto;
				SUPPORTED_PLATFORMS = "iphoneos iphonesimulator macosx";
				SWIFT_EMIT_LOC_STRINGS = NO;
				SWIFT_VERSION = 5.0;
				TARGETED_DEVICE_FAMILY = "1,2";
				TEST_TARGET_NAME = final_assignment;
			};
			name = Release;
		};
/* End XCBuildConfiguration section */

/* Begin XCConfigurationList section */
		AB3F0D1929EA091400181856 /* Build configuration list for PBXProject "final_assignment" */ = {
			isa = XCConfigurationList;
			buildConfigurations = (
				AB3F0D4129EA091500181856 /* Debug */,
				AB3F0D4229EA091500181856 /* Release */,
			);
			defaultConfigurationIsVisible = 0;
			defaultConfigurationName = Release;
		};
		AB3F0D4329EA091500181856 /* Build configuration list for PBXNativeTarget "final_assignment" */ = {
			isa = XCConfigurationList;
			buildConfigurations = (
				AB3F0D4429EA091500181856 /* Debug */,
				AB3F0D4529EA091500181856 /* Release */,
			);
			defaultConfigurationIsVisible = 0;
			defaultConfigurationName = Release;
		};
		AB3F0D4629EA091500181856 /* Build configuration list for PBXNativeTarget "final_assignmentTests" */ = {
			isa = XCConfigurationList;
			buildConfigurations = (
				AB3F0D4729EA091500181856 /* Debug */,
				AB3F0D4829EA091500181856 /* Release */,
			);
			defaultConfigurationIsVisible = 0;
			defaultConfigurationName = Release;
		};
		AB3F0D4929EA091500181856 /* Build configuration list for PBXNativeTarget "final_assignmentUITests" */ = {
			isa = XCConfigurationList;
			buildConfigurations = (
				AB3F0D4A29EA091500181856 /* Debug */,
				AB3F0D4B29EA091500181856 /* Release */,
			);
			defaultConfigurationIsVisible = 0;
			defaultConfigurationName = Release;
		};
/* End XCConfigurationList section */
	};
	rootObject = AB3F0D1629EA091400181856 /* Project object */;
}
